
Microsoft Visual Studio Solution File, Format Version 12.00
# Visual Studio Version 17
VisualStudioVersion = 17.14.36429.23
MinimumVisualStudioVersion = 10.0.40219.1
Project("{2150E333-8FDC-42A3-9474-1A3956D46DE8}") = "Task0", "Task0", "{02EA681E-C7D8-13C7-8484-4AC65E1B71E8}"
EndProject
Project("{FAE04EC0-301F-11D3-BF4B-00C04F79EFBC}") = "Tyuiu.MkhitaryanSG.Sprint6.Task0.V7.Lib", "Tyuiu.MkhitaryanSG.Sprint6.Task0.V7.Lib\Tyuiu.MkhitaryanSG.Sprint6.Task0.V7.Lib.csproj", "{03937021-F8D3-4C94-AC08-160E580C1165}"
EndProject
Project("{FAE04EC0-301F-11D3-BF4B-00C04F79EFBC}") = "Tyuiu.MkhitaryanSG.Sprint6.Task0.V7.Test", "Tyuiu.MkhitaryanSG.Sprint6.Task0.V7.Test\Tyuiu.MkhitaryanSG.Sprint6.Task0.V7.Test.csproj", "{22B100BE-6A0D-40F5-9933-F7FAAF251331}"
EndProject
Project("{FAE04EC0-301F-11D3-BF4B-00C04F79EFBC}") = "Tyuiu.MkhitaryanSG.Sprint6.Task0.V7", "Tyuiu.MkhitaryanSG.Sprint6.Task0.V7\Tyuiu.MkhitaryanSG.Sprint6.Task0.V7.csproj", "{D6636D7E-0ED9-4A54-B506-91E890F10794}"
EndProject
Project("{2150E333-8FDC-42A3-9474-1A3956D46DE8}") = "Task1", "Task1", "{384F3752-A50F-46F8-9F2C-EC455427EE62}"
EndProject
Project("{FAE04EC0-301F-11D3-BF4B-00C04F79EFBC}") = "Tyuiu.MkhitaryanSG.Sprint6.Task1.V12.Lib", "Tyuiu.MkhitaryanSG.Sprint6.Task1.V12.Lib\Tyuiu.MkhitaryanSG.Sprint6.Task1.V12.Lib.csproj", "{5525C173-4C56-415C-A4DD-DC86BCD69671}"
EndProject
Project("{FAE04EC0-301F-11D3-BF4B-00C04F79EFBC}") = "Tyuiu.MkhitaryanSG.Sprint6.Task1.V12.Test", "Tyuiu.MkhitaryanSG.Sprint6.Task1.V12.Test\Tyuiu.MkhitaryanSG.Sprint6.Task1.V12.Test.csproj", "{83E666A4-D1F6-4B5F-8404-AFD2F5549C1F}"
EndProject
Project("{FAE04EC0-301F-11D3-BF4B-00C04F79EFBC}") = "Tyuiu.MkhitaryanSG.Sprint6.Task1.V12", "Tyuiu.MkhitaryanSG.Sprint6.Task1.V12\Tyuiu.MkhitaryanSG.Sprint6.Task1.V12.csproj", "{86ECFB7F-0757-445C-B54D-0C059CF36FE9}"
EndProject
Project("{2150E333-8FDC-42A3-9474-1A3956D46DE8}") = "Task2", "Task2", "{F2881EA4-C8BB-44BF-83E1-E9333ED66C1E}"
EndProject
Project("{FAE04EC0-301F-11D3-BF4B-00C04F79EFBC}") = "Tyuiu.MkhitaryanSG.Sprint6.Task2.V11.Lib", "Tyuiu.MkhitaryanSG.Sprint6.Task2.V11.Lib\Tyuiu.MkhitaryanSG.Sprint6.Task2.V11.Lib.csproj", "{C3FE4660-FE83-418E-A15E-DD4EC3C7998D}"
EndProject
Project("{FAE04EC0-301F-11D3-BF4B-00C04F79EFBC}") = "Tyuiu.MkhitaryanSG.Sprint6.Task2.V11.Test", "Tyuiu.MkhitaryanSG.Sprint6.Task2.V11.Test\Tyuiu.MkhitaryanSG.Sprint6.Task2.V11.Test.csproj", "{4267DDAB-1876-4CDD-9D4E-88E11CAC32E8}"
EndProject
Project("{FAE04EC0-301F-11D3-BF4B-00C04F79EFBC}") = "Tyuiu.MkhitaryanSG.Sprint6.Task2.V11", "Tyuiu.MkhitaryanSG.Sprint6.Task2.V11\Tyuiu.MkhitaryanSG.Sprint6.Task2.V11.csproj", "{7EC89A16-6381-4700-8ECC-BB797A26C7CE}"
EndProject
Project("{2150E333-8FDC-42A3-9474-1A3956D46DE8}") = "Task3", "Task3", "{68F3C02A-89FA-4920-98BE-3E20F26D3038}"
EndProject
Project("{FAE04EC0-301F-11D3-BF4B-00C04F79EFBC}") = "Tyuiu.MkhitaryanSG.Sprint6.Task3.V7.Lib", "Tyuiu.MkhitaryanSG.Sprint6.Task3.V7.Lib\Tyuiu.MkhitaryanSG.Sprint6.Task3.V7.Lib.csproj", "{D2D299A6-624C-4B84-BEF6-CA4FAFE7CF71}"
EndProject
Project("{FAE04EC0-301F-11D3-BF4B-00C04F79EFBC}") = "Tyuiu.MkhitaryanSG.Sprint6.Task3.V7.Test", "Tyuiu.MkhitaryanSG.Sprint6.Task3.V7.Test\Tyuiu.MkhitaryanSG.Sprint6.Task3.V7.Test.csproj", "{8123EFDD-BA4C-4427-BD6C-BE7B0C24C2A5}"
EndProject
Project("{FAE04EC0-301F-11D3-BF4B-00C04F79EFBC}") = "Tyuiu.MkhitaryanSG.Sprint6.Task3.V7", "Tyuiu.MkhitaryanSG.Sprint6.Task3.V7\Tyuiu.MkhitaryanSG.Sprint6.Task3.V7.csproj", "{07831639-8C1D-479B-A7DC-7F1F0295E746}"
EndProject
Project("{2150E333-8FDC-42A3-9474-1A3956D46DE8}") = "Task4", "Task4", "{986C22DC-C892-4072-A5E9-E59478D943C8}"
EndProject
Project("{FAE04EC0-301F-11D3-BF4B-00C04F79EFBC}") = "Tyuiu.MkhitaryanSG.Sprint6.Task4.V15.Lib", "Tyuiu.MkhitaryanSG.Sprint6.Task4.V15.Lib\Tyuiu.MkhitaryanSG.Sprint6.Task4.V15.Lib.csproj", "{5E977E21-0A2F-48BA-BF67-689BDBCFE2F1}"
EndProject
Project("{FAE04EC0-301F-11D3-BF4B-00C04F79EFBC}") = "Tyuiu.MkhitaryanSG.Sprint6.Task4.V15.Test", "Tyuiu.MkhitaryanSG.Sprint6.Task4.V15.Test\Tyuiu.MkhitaryanSG.Sprint6.Task4.V15.Test.csproj", "{B770C6B8-C013-4DE9-BF5C-0052241FE8BE}"
EndProject
Project("{FAE04EC0-301F-11D3-BF4B-00C04F79EFBC}") = "Tyuiu.MkhitaryanSG.Sprint6.Task4.V15", "Tyuiu.MkhitaryanSG.Sprint6.Task4.V15\Tyuiu.MkhitaryanSG.Sprint6.Task4.V15.csproj", "{B664B34E-AB42-4376-B20E-9C8D939523E8}"
EndProject
Project("{2150E333-8FDC-42A3-9474-1A3956D46DE8}") = "Task5", "Task5", "{B435BE0C-8D0A-42B1-B194-A04666E06790}"
EndProject
Project("{FAE04EC0-301F-11D3-BF4B-00C04F79EFBC}") = "Tyuiu.MkhitaryanSG.Sprint6.Task5.V8.Lib", "Tyuiu.MkhitaryanSG.Sprint6.Task5.V8.Lib\Tyuiu.MkhitaryanSG.Sprint6.Task5.V8.Lib.csproj", "{A694A4E1-AE2C-4E4A-922F-29D37E607811}"
EndProject
Project("{FAE04EC0-301F-11D3-BF4B-00C04F79EFBC}") = "Tyuiu.MkhitaryanSG.Sprint6.Task5.V8.Test", "Tyuiu.MkhitaryanSG.Sprint6.Task5.V8.Test\Tyuiu.MkhitaryanSG.Sprint6.Task5.V8.Test.csproj", "{33C2DB59-F676-46B5-A7CF-08C511E347F6}"
EndProject
Project("{FAE04EC0-301F-11D3-BF4B-00C04F79EFBC}") = "Tyuiu.MkhitaryanSG.Sprint6.Task5.V8", "Tyuiu.MkhitaryanSG.Sprint6.Task5.V8\Tyuiu.MkhitaryanSG.Sprint6.Task5.V8.csproj", "{83547129-FA78-4090-95F0-87293B0D2AF1}"
EndProject
Project("{2150E333-8FDC-42A3-9474-1A3956D46DE8}") = "Task6", "Task6", "{06D7A410-CB9B-4666-991E-553DC893E23F}"
EndProject
Project("{FAE04EC0-301F-11D3-BF4B-00C04F79EFBC}") = "Tyuiu.MkhitaryanSG.Sprint6.Task6.V22.Lib", "Tyuiu.MkhitaryanSG.Sprint6.Task6.V22.Lib\Tyuiu.MkhitaryanSG.Sprint6.Task6.V22.Lib.csproj", "{1CF6CE71-2DBE-4BAF-BC14-EA92EB591132}"
EndProject
Project("{FAE04EC0-301F-11D3-BF4B-00C04F79EFBC}") = "Tyuiu.MkhitaryanSG.Sprint6.Task6.V22.Test", "Tyuiu.MkhitaryanSG.Sprint6.Task6.V22.Test\Tyuiu.MkhitaryanSG.Sprint6.Task6.V22.Test.csproj", "{1F6A08A7-9DF7-4E82-B051-F432FA2959AF}"
EndProject
Project("{FAE04EC0-301F-11D3-BF4B-00C04F79EFBC}") = "Tyuiu.MkhitaryanSG.Sprint6.Task6.V22", "Tyuiu.MkhitaryanSG.Sprint6.Task6.V22\Tyuiu.MkhitaryanSG.Sprint6.Task6.V22.csproj", "{F4F4C549-2CA6-4550-B772-396269220BC1}"
EndProject
Project("{2150E333-8FDC-42A3-9474-1A3956D46DE8}") = "Task7", "Task7", "{BE3F29DF-FF4A-423B-8E7A-219EFF3480D5}"
EndProject
Project("{FAE04EC0-301F-11D3-BF4B-00C04F79EFBC}") = "Tyuiu.MkhitaryanSG.Sprint6.Task7.V18.Lib", "Tyuiu.MkhitaryanSG.Sprint6.Task7.V18.Lib\Tyuiu.MkhitaryanSG.Sprint6.Task7.V18.Lib.csproj", "{14156909-E685-450A-B2CC-E64ADCE258F4}"
EndProject
Project("{FAE04EC0-301F-11D3-BF4B-00C04F79EFBC}") = "Tyuiu.MkhitaryanSG.Sprint6.Task7.V18.Test", "Tyuiu.MkhitaryanSG.Sprint6.Task7.V18.Test\Tyuiu.MkhitaryanSG.Sprint6.Task7.V18.Test.csproj", "{BCE2B25B-691A-4C5E-B0D4-CA689027F269}"
EndProject
Project("{FAE04EC0-301F-11D3-BF4B-00C04F79EFBC}") = "Tyuiu.MkhitaryanSG.Sprint6.Task7.V18", "Tyuiu.MkhitaryanSG.Sprint6.Task7.V18\Tyuiu.MkhitaryanSG.Sprint6.Task7.V18.csproj", "{0FD44158-12F4-47A0-8E99-E94AD39281C3}"
EndProject
Global
	GlobalSection(SolutionConfigurationPlatforms) = preSolution
		Debug|Any CPU = Debug|Any CPU
		Release|Any CPU = Release|Any CPU
	EndGlobalSection
	GlobalSection(ProjectConfigurationPlatforms) = postSolution
		{03937021-F8D3-4C94-AC08-160E580C1165}.Debug|Any CPU.ActiveCfg = Debug|Any CPU
		{03937021-F8D3-4C94-AC08-160E580C1165}.Debug|Any CPU.Build.0 = Debug|Any CPU
		{03937021-F8D3-4C94-AC08-160E580C1165}.Release|Any CPU.ActiveCfg = Release|Any CPU
		{03937021-F8D3-4C94-AC08-160E580C1165}.Release|Any CPU.Build.0 = Release|Any CPU
		{22B100BE-6A0D-40F5-9933-F7FAAF251331}.Debug|Any CPU.ActiveCfg = Debug|Any CPU
		{22B100BE-6A0D-40F5-9933-F7FAAF251331}.Debug|Any CPU.Build.0 = Debug|Any CPU
		{22B100BE-6A0D-40F5-9933-F7FAAF251331}.Release|Any CPU.ActiveCfg = Release|Any CPU
		{22B100BE-6A0D-40F5-9933-F7FAAF251331}.Release|Any CPU.Build.0 = Release|Any CPU
		{D6636D7E-0ED9-4A54-B506-91E890F10794}.Debug|Any CPU.ActiveCfg = Debug|Any CPU
		{D6636D7E-0ED9-4A54-B506-91E890F10794}.Debug|Any CPU.Build.0 = Debug|Any CPU
		{D6636D7E-0ED9-4A54-B506-91E890F10794}.Release|Any CPU.ActiveCfg = Release|Any CPU
		{D6636D7E-0ED9-4A54-B506-91E890F10794}.Release|Any CPU.Build.0 = Release|Any CPU
		{5525C173-4C56-415C-A4DD-DC86BCD69671}.Debug|Any CPU.ActiveCfg = Debug|Any CPU
		{5525C173-4C56-415C-A4DD-DC86BCD69671}.Debug|Any CPU.Build.0 = Debug|Any CPU
		{5525C173-4C56-415C-A4DD-DC86BCD69671}.Release|Any CPU.ActiveCfg = Release|Any CPU
		{5525C173-4C56-415C-A4DD-DC86BCD69671}.Release|Any CPU.Build.0 = Release|Any CPU
		{83E666A4-D1F6-4B5F-8404-AFD2F5549C1F}.Debug|Any CPU.ActiveCfg = Debug|Any CPU
		{83E666A4-D1F6-4B5F-8404-AFD2F5549C1F}.Debug|Any CPU.Build.0 = Debug|Any CPU
		{83E666A4-D1F6-4B5F-8404-AFD2F5549C1F}.Release|Any CPU.ActiveCfg = Release|Any CPU
		{83E666A4-D1F6-4B5F-8404-AFD2F5549C1F}.Release|Any CPU.Build.0 = Release|Any CPU
		{86ECFB7F-0757-445C-B54D-0C059CF36FE9}.Debug|Any CPU.ActiveCfg = Debug|Any CPU
		{86ECFB7F-0757-445C-B54D-0C059CF36FE9}.Debug|Any CPU.Build.0 = Debug|Any CPU
		{86ECFB7F-0757-445C-B54D-0C059CF36FE9}.Release|Any CPU.ActiveCfg = Release|Any CPU
		{86ECFB7F-0757-445C-B54D-0C059CF36FE9}.Release|Any CPU.Build.0 = Release|Any CPU
		{C3FE4660-FE83-418E-A15E-DD4EC3C7998D}.Debug|Any CPU.ActiveCfg = Debug|Any CPU
		{C3FE4660-FE83-418E-A15E-DD4EC3C7998D}.Debug|Any CPU.Build.0 = Debug|Any CPU
		{C3FE4660-FE83-418E-A15E-DD4EC3C7998D}.Release|Any CPU.ActiveCfg = Release|Any CPU
		{C3FE4660-FE83-418E-A15E-DD4EC3C7998D}.Release|Any CPU.Build.0 = Release|Any CPU
		{4267DDAB-1876-4CDD-9D4E-88E11CAC32E8}.Debug|Any CPU.ActiveCfg = Debug|Any CPU
		{4267DDAB-1876-4CDD-9D4E-88E11CAC32E8}.Debug|Any CPU.Build.0 = Debug|Any CPU
		{4267DDAB-1876-4CDD-9D4E-88E11CAC32E8}.Release|Any CPU.ActiveCfg = Release|Any CPU
		{4267DDAB-1876-4CDD-9D4E-88E11CAC32E8}.Release|Any CPU.Build.0 = Release|Any CPU
		{7EC89A16-6381-4700-8ECC-BB797A26C7CE}.Debug|Any CPU.ActiveCfg = Debug|Any CPU
		{7EC89A16-6381-4700-8ECC-BB797A26C7CE}.Debug|Any CPU.Build.0 = Debug|Any CPU
		{7EC89A16-6381-4700-8ECC-BB797A26C7CE}.Release|Any CPU.ActiveCfg = Release|Any CPU
		{7EC89A16-6381-4700-8ECC-BB797A26C7CE}.Release|Any CPU.Build.0 = Release|Any CPU
		{D2D299A6-624C-4B84-BEF6-CA4FAFE7CF71}.Debug|Any CPU.ActiveCfg = Debug|Any CPU
		{D2D299A6-624C-4B84-BEF6-CA4FAFE7CF71}.Debug|Any CPU.Build.0 = Debug|Any CPU
		{D2D299A6-624C-4B84-BEF6-CA4FAFE7CF71}.Release|Any CPU.ActiveCfg = Release|Any CPU
		{D2D299A6-624C-4B84-BEF6-CA4FAFE7CF71}.Release|Any CPU.Build.0 = Release|Any CPU
		{8123EFDD-BA4C-4427-BD6C-BE7B0C24C2A5}.Debug|Any CPU.ActiveCfg = Debug|Any CPU
		{8123EFDD-BA4C-4427-BD6C-BE7B0C24C2A5}.Debug|Any CPU.Build.0 = Debug|Any CPU
		{8123EFDD-BA4C-4427-BD6C-BE7B0C24C2A5}.Release|Any CPU.ActiveCfg = Release|Any CPU
		{8123EFDD-BA4C-4427-BD6C-BE7B0C24C2A5}.Release|Any CPU.Build.0 = Release|Any CPU
		{07831639-8C1D-479B-A7DC-7F1F0295E746}.Debug|Any CPU.ActiveCfg = Debug|Any CPU
		{07831639-8C1D-479B-A7DC-7F1F0295E746}.Debug|Any CPU.Build.0 = Debug|Any CPU
		{07831639-8C1D-479B-A7DC-7F1F0295E746}.Release|Any CPU.ActiveCfg = Release|Any CPU
		{07831639-8C1D-479B-A7DC-7F1F0295E746}.Release|Any CPU.Build.0 = Release|Any CPU
		{5E977E21-0A2F-48BA-BF67-689BDBCFE2F1}.Debug|Any CPU.ActiveCfg = Debug|Any CPU
		{5E977E21-0A2F-48BA-BF67-689BDBCFE2F1}.Debug|Any CPU.Build.0 = Debug|Any CPU
		{5E977E21-0A2F-48BA-BF67-689BDBCFE2F1}.Release|Any CPU.ActiveCfg = Release|Any CPU
		{5E977E21-0A2F-48BA-BF67-689BDBCFE2F1}.Release|Any CPU.Build.0 = Release|Any CPU
		{B770C6B8-C013-4DE9-BF5C-0052241FE8BE}.Debug|Any CPU.ActiveCfg = Debug|Any CPU
		{B770C6B8-C013-4DE9-BF5C-0052241FE8BE}.Debug|Any CPU.Build.0 = Debug|Any CPU
		{B770C6B8-C013-4DE9-BF5C-0052241FE8BE}.Release|Any CPU.ActiveCfg = Release|Any CPU
		{B770C6B8-C013-4DE9-BF5C-0052241FE8BE}.Release|Any CPU.Build.0 = Release|Any CPU
		{B664B34E-AB42-4376-B20E-9C8D939523E8}.Debug|Any CPU.ActiveCfg = Debug|Any CPU
		{B664B34E-AB42-4376-B20E-9C8D939523E8}.Debug|Any CPU.Build.0 = Debug|Any CPU
		{B664B34E-AB42-4376-B20E-9C8D939523E8}.Release|Any CPU.ActiveCfg = Release|Any CPU
		{B664B34E-AB42-4376-B20E-9C8D939523E8}.Release|Any CPU.Build.0 = Release|Any CPU
		{A694A4E1-AE2C-4E4A-922F-29D37E607811}.Debug|Any CPU.ActiveCfg = Debug|Any CPU
		{A694A4E1-AE2C-4E4A-922F-29D37E607811}.Debug|Any CPU.Build.0 = Debug|Any CPU
		{A694A4E1-AE2C-4E4A-922F-29D37E607811}.Release|Any CPU.ActiveCfg = Release|Any CPU
		{A694A4E1-AE2C-4E4A-922F-29D37E607811}.Release|Any CPU.Build.0 = Release|Any CPU
		{33C2DB59-F676-46B5-A7CF-08C511E347F6}.Debug|Any CPU.ActiveCfg = Debug|Any CPU
		{33C2DB59-F676-46B5-A7CF-08C511E347F6}.Debug|Any CPU.Build.0 = Debug|Any CPU
		{33C2DB59-F676-46B5-A7CF-08C511E347F6}.Release|Any CPU.ActiveCfg = Release|Any CPU
		{33C2DB59-F676-46B5-A7CF-08C511E347F6}.Release|Any CPU.Build.0 = Release|Any CPU
		{83547129-FA78-4090-95F0-87293B0D2AF1}.Debug|Any CPU.ActiveCfg = Debug|Any CPU
		{83547129-FA78-4090-95F0-87293B0D2AF1}.Debug|Any CPU.Build.0 = Debug|Any CPU
		{83547129-FA78-4090-95F0-87293B0D2AF1}.Release|Any CPU.ActiveCfg = Release|Any CPU
		{83547129-FA78-4090-95F0-87293B0D2AF1}.Release|Any CPU.Build.0 = Release|Any CPU
		{1CF6CE71-2DBE-4BAF-BC14-EA92EB591132}.Debug|Any CPU.ActiveCfg = Debug|Any CPU
		{1CF6CE71-2DBE-4BAF-BC14-EA92EB591132}.Debug|Any CPU.Build.0 = Debug|Any CPU
		{1CF6CE71-2DBE-4BAF-BC14-EA92EB591132}.Release|Any CPU.ActiveCfg = Release|Any CPU
		{1CF6CE71-2DBE-4BAF-BC14-EA92EB591132}.Release|Any CPU.Build.0 = Release|Any CPU
		{1F6A08A7-9DF7-4E82-B051-F432FA2959AF}.Debug|Any CPU.ActiveCfg = Debug|Any CPU
		{1F6A08A7-9DF7-4E82-B051-F432FA2959AF}.Debug|Any CPU.Build.0 = Debug|Any CPU
		{1F6A08A7-9DF7-4E82-B051-F432FA2959AF}.Release|Any CPU.ActiveCfg = Release|Any CPU
		{1F6A08A7-9DF7-4E82-B051-F432FA2959AF}.Release|Any CPU.Build.0 = Release|Any CPU
		{F4F4C549-2CA6-4550-B772-396269220BC1}.Debug|Any CPU.ActiveCfg = Debug|Any CPU
		{F4F4C549-2CA6-4550-B772-396269220BC1}.Debug|Any CPU.Build.0 = Debug|Any CPU
		{F4F4C549-2CA6-4550-B772-396269220BC1}.Release|Any CPU.ActiveCfg = Release|Any CPU
		{F4F4C549-2CA6-4550-B772-396269220BC1}.Release|Any CPU.Build.0 = Release|Any CPU
		{14156909-E685-450A-B2CC-E64ADCE258F4}.Debug|Any CPU.ActiveCfg = Debug|Any CPU
		{14156909-E685-450A-B2CC-E64ADCE258F4}.Debug|Any CPU.Build.0 = Debug|Any CPU
		{14156909-E685-450A-B2CC-E64ADCE258F4}.Release|Any CPU.ActiveCfg = Release|Any CPU
		{14156909-E685-450A-B2CC-E64ADCE258F4}.Release|Any CPU.Build.0 = Release|Any CPU
		{BCE2B25B-691A-4C5E-B0D4-CA689027F269}.Debug|Any CPU.ActiveCfg = Debug|Any CPU
		{BCE2B25B-691A-4C5E-B0D4-CA689027F269}.Debug|Any CPU.Build.0 = Debug|Any CPU
		{BCE2B25B-691A-4C5E-B0D4-CA689027F269}.Release|Any CPU.ActiveCfg = Release|Any CPU
		{BCE2B25B-691A-4C5E-B0D4-CA689027F269}.Release|Any CPU.Build.0 = Release|Any CPU
		{0FD44158-12F4-47A0-8E99-E94AD39281C3}.Debug|Any CPU.ActiveCfg = Debug|Any CPU
		{0FD44158-12F4-47A0-8E99-E94AD39281C3}.Debug|Any CPU.Build.0 = Debug|Any CPU
		{0FD44158-12F4-47A0-8E99-E94AD39281C3}.Release|Any CPU.ActiveCfg = Release|Any CPU
		{0FD44158-12F4-47A0-8E99-E94AD39281C3}.Release|Any CPU.Build.0 = Release|Any CPU
	EndGlobalSection
	GlobalSection(SolutionProperties) = preSolution
		HideSolutionNode = FALSE
	EndGlobalSection
	GlobalSection(NestedProjects) = preSolution
		{03937021-F8D3-4C94-AC08-160E580C1165} = {02EA681E-C7D8-13C7-8484-4AC65E1B71E8}
		{22B100BE-6A0D-40F5-9933-F7FAAF251331} = {02EA681E-C7D8-13C7-8484-4AC65E1B71E8}
		{D6636D7E-0ED9-4A54-B506-91E890F10794} = {02EA681E-C7D8-13C7-8484-4AC65E1B71E8}
		{5525C173-4C56-415C-A4DD-DC86BCD69671} = {384F3752-A50F-46F8-9F2C-EC455427EE62}
		{83E666A4-D1F6-4B5F-8404-AFD2F5549C1F} = {384F3752-A50F-46F8-9F2C-EC455427EE62}
		{86ECFB7F-0757-445C-B54D-0C059CF36FE9} = {384F3752-A50F-46F8-9F2C-EC455427EE62}
		{C3FE4660-FE83-418E-A15E-DD4EC3C7998D} = {F2881EA4-C8BB-44BF-83E1-E9333ED66C1E}
		{4267DDAB-1876-4CDD-9D4E-88E11CAC32E8} = {F2881EA4-C8BB-44BF-83E1-E9333ED66C1E}
		{7EC89A16-6381-4700-8ECC-BB797A26C7CE} = {F2881EA4-C8BB-44BF-83E1-E9333ED66C1E}
		{D2D299A6-624C-4B84-BEF6-CA4FAFE7CF71} = {68F3C02A-89FA-4920-98BE-3E20F26D3038}
		{8123EFDD-BA4C-4427-BD6C-BE7B0C24C2A5} = {68F3C02A-89FA-4920-98BE-3E20F26D3038}
		{07831639-8C1D-479B-A7DC-7F1F0295E746} = {68F3C02A-89FA-4920-98BE-3E20F26D3038}
		{5E977E21-0A2F-48BA-BF67-689BDBCFE2F1} = {986C22DC-C892-4072-A5E9-E59478D943C8}
		{B770C6B8-C013-4DE9-BF5C-0052241FE8BE} = {986C22DC-C892-4072-A5E9-E59478D943C8}
		{B664B34E-AB42-4376-B20E-9C8D939523E8} = {986C22DC-C892-4072-A5E9-E59478D943C8}
		{A694A4E1-AE2C-4E4A-922F-29D37E607811} = {B435BE0C-8D0A-42B1-B194-A04666E06790}
		{33C2DB59-F676-46B5-A7CF-08C511E347F6} = {B435BE0C-8D0A-42B1-B194-A04666E06790}
		{83547129-FA78-4090-95F0-87293B0D2AF1} = {B435BE0C-8D0A-42B1-B194-A04666E06790}
		{1CF6CE71-2DBE-4BAF-BC14-EA92EB591132} = {06D7A410-CB9B-4666-991E-553DC893E23F}
		{1F6A08A7-9DF7-4E82-B051-F432FA2959AF} = {06D7A410-CB9B-4666-991E-553DC893E23F}
		{F4F4C549-2CA6-4550-B772-396269220BC1} = {06D7A410-CB9B-4666-991E-553DC893E23F}
		{14156909-E685-450A-B2CC-E64ADCE258F4} = {BE3F29DF-FF4A-423B-8E7A-219EFF3480D5}
		{BCE2B25B-691A-4C5E-B0D4-CA689027F269} = {BE3F29DF-FF4A-423B-8E7A-219EFF3480D5}
		{0FD44158-12F4-47A0-8E99-E94AD39281C3} = {BE3F29DF-FF4A-423B-8E7A-219EFF3480D5}
	EndGlobalSection
	GlobalSection(ExtensibilityGlobals) = postSolution
		SolutionGuid = {F53A592F-AB72-4E4A-A912-B0A2E908F9A9}
	EndGlobalSection
EndGlobal
